{
  "name": "sarahendren",
  "version": "1.0.0",
  "lockfileVersion": 1,
  "requires": true,
  "dependencies": {
    "flexboxgrid": {
      "version": "6.3.1",
      "resolved": "https://registry.npmjs.org/flexboxgrid/-/flexboxgrid-6.3.1.tgz",
      "integrity": "sha1-6ZiYr8B7cEdyK7galYpfuk1OIP0="
    },
    "flexboxgrid-sass": {
      "version": "8.0.5",
      "resolved": "https://registry.npmjs.org/flexboxgrid-sass/-/flexboxgrid-sass-8.0.5.tgz",
      "integrity": "sha1-GAJ7x6kvmM6HdyXLNvAXO9HnTxc=",
      "requires": {
        "sass-flex-mixin": "^1.0.3"
      }
    },
    "sass-flex-mixin": {
      "version": "1.0.3",
      "resolved": "https://registry.npmjs.org/sass-flex-mixin/-/sass-flex-mixin-1.0.3.tgz",
      "integrity": "sha1-pQTWIGL3sOdzrrw5XeH0WqpuT9A="
    }
  }
}
